// !$*UTF8*$!
{
	archiveVersion = 1;
	classes = {
	};
	objectVersion = 56;
	objects = {

/* Begin PBXBuildFile section */
		E92A5A812A1183E800B0FFD1 /* SessionManager.swift in Sources */ = {isa = PBXBuildFile; fileRef = E92A5A802A1183E800B0FFD1 /* SessionManager.swift */; };
		E92A5A832A11860800B0FFD1 /* MainAppView.swift in Sources */ = {isa = PBXBuildFile; fileRef = E92A5A822A11860800B0FFD1 /* MainAppView.swift */; };
		E92A5A902A12BB7500B0FFD1 /* MarkaziText-VariableFont_wght.ttf in Resources */ = {isa = PBXBuildFile; fileRef = E92A5A8F2A12BB7500B0FFD1 /* MarkaziText-VariableFont_wght.ttf */; };
		E92A5A922A12BB8800B0FFD1 /* Karla-VariableFont_wght.ttf in Resources */ = {isa = PBXBuildFile; fileRef = E92A5A912A12BB8800B0FFD1 /* Karla-VariableFont_wght.ttf */; };
		E92A5A942A12BF6F00B0FFD1 /* LittleLemonTextStyles.swift in Sources */ = {isa = PBXBuildFile; fileRef = E92A5A932A12BF6F00B0FFD1 /* LittleLemonTextStyles.swift */; };
		E92A5A962A12DECC00B0FFD1 /* PrivacyPolicyView.swift in Sources */ = {isa = PBXBuildFile; fileRef = E92A5A952A12DECC00B0FFD1 /* PrivacyPolicyView.swift */; };
		E92A5A982A12E0CC00B0FFD1 /* EmailView.swift in Sources */ = {isa = PBXBuildFile; fileRef = E92A5A972A12E0CC00B0FFD1 /* EmailView.swift */; };
		E92A5A9A2A12E23400B0FFD1 /* PasswordView.swift in Sources */ = {isa = PBXBuildFile; fileRef = E92A5A992A12E23400B0FFD1 /* PasswordView.swift */; };
		E92A5A9C2A12ECDB00B0FFD1 /* SignUpView.swift in Sources */ = {isa = PBXBuildFile; fileRef = E92A5A9B2A12ECDB00B0FFD1 /* SignUpView.swift */; };
		E92A5A9E2A12EE9D00B0FFD1 /* RegistrationManager.swift in Sources */ = {isa = PBXBuildFile; fileRef = E92A5A9D2A12EE9D00B0FFD1 /* RegistrationManager.swift */; };
		E92A5AA02A155D5300B0FFD1 /* MenuView.swift in Sources */ = {isa = PBXBuildFile; fileRef = E92A5A9F2A155D5300B0FFD1 /* MenuView.swift */; };
		E92A5AA42A15784600B0FFD1 /* UserProfileView.swift in Sources */ = {isa = PBXBuildFile; fileRef = E92A5AA32A15784600B0FFD1 /* UserProfileView.swift */; };
		E92A5AA62A17E06300B0FFD1 /* FetchedObjects.swift in Sources */ = {isa = PBXBuildFile; fileRef = E92A5AA52A17E06300B0FFD1 /* FetchedObjects.swift */; };
		E92A5AA82A17E07200B0FFD1 /* Persistence.swift in Sources */ = {isa = PBXBuildFile; fileRef = E92A5AA72A17E07200B0FFD1 /* Persistence.swift */; };
		E92A5AAC2A17E1C800B0FFD1 /* MenuList.swift in Sources */ = {isa = PBXBuildFile; fileRef = E92A5AAB2A17E1C800B0FFD1 /* MenuList.swift */; };
		E92A5AAE2A17E1D400B0FFD1 /* MenuItem.swift in Sources */ = {isa = PBXBuildFile; fileRef = E92A5AAD2A17E1D400B0FFD1 /* MenuItem.swift */; };
		E92A5AB12A17F1B700B0FFD1 /* MenuDatabase.xcdatamodeld in Sources */ = {isa = PBXBuildFile; fileRef = E92A5AAF2A17F1B700B0FFD1 /* MenuDatabase.xcdatamodeld */; };
		E92A5AB32A19382F00B0FFD1 /* DishDetailView.swift in Sources */ = {isa = PBXBuildFile; fileRef = E92A5AB22A19382F00B0FFD1 /* DishDetailView.swift */; };
		E980FCDE2A003AA900D8840B /* RestaurantApp.swift in Sources */ = {isa = PBXBuildFile; fileRef = E980FCDD2A003AA900D8840B /* RestaurantApp.swift */; };
		E980FCE22A003AAB00D8840B /* Assets.xcassets in Resources */ = {isa = PBXBuildFile; fileRef = E980FCE12A003AAB00D8840B /* Assets.xcassets */; };
		E980FCE52A003AAB00D8840B /* Preview Assets.xcassets in Resources */ = {isa = PBXBuildFile; fileRef = E980FCE42A003AAB00D8840B /* Preview Assets.xcassets */; };
		E980FCEC2A02898000D8840B /* OnboardingView.swift in Sources */ = {isa = PBXBuildFile; fileRef = E980FCEB2A02898000D8840B /* OnboardingView.swift */; };
		E9CB78722A34834A00CBE7FE /* GameView.swift in Sources */ = {isa = PBXBuildFile; fileRef = E9CB78712A34834A00CBE7FE /* GameView.swift */; };
		E9DB9D702A2FCDCC00FD8A2D /* SplitBillView.swift in Sources */ = {isa = PBXBuildFile; fileRef = E9DB9D6F2A2FCDCC00FD8A2D /* SplitBillView.swift */; };
		E9E36BED2A0FC4920045ECC9 /* TermsAndConditionsView.swift in Sources */ = {isa = PBXBuildFile; fileRef = E9E36BEC2A0FC4920045ECC9 /* TermsAndConditionsView.swift */; };
		E9E36BEF2A0FED4A0045ECC9 /* NameView.swift in Sources */ = {isa = PBXBuildFile; fileRef = E9E36BEE2A0FED4A0045ECC9 /* NameView.swift */; };
		E9E36BF32A1156CB0045ECC9 /* HomeView.swift in Sources */ = {isa = PBXBuildFile; fileRef = E9E36BF22A1156CB0045ECC9 /* HomeView.swift */; };
		E9E36BF52A1158B60045ECC9 /* LoginView.swift in Sources */ = {isa = PBXBuildFile; fileRef = E9E36BF42A1158B50045ECC9 /* LoginView.swift */; };
		E9E36BF82A117A7C0045ECC9 /* LittleLemonButtonStyle.swift in Sources */ = {isa = PBXBuildFile; fileRef = E9E36BF72A117A7C0045ECC9 /* LittleLemonButtonStyle.swift */; };
		E9E36BFA2A117A9E0045ECC9 /* LittleLemonTextFieldStyle.swift in Sources */ = {isa = PBXBuildFile; fileRef = E9E36BF92A117A9E0045ECC9 /* LittleLemonTextFieldStyle.swift */; };
/* End PBXBuildFile section */

/* Begin PBXFileReference section */
		E92A5A802A1183E800B0FFD1 /* SessionManager.swift */ = {isa = PBXFileReference; lastKnownFileType = sourcecode.swift; path = SessionManager.swift; sourceTree = "<group>"; };
		E92A5A822A11860800B0FFD1 /* MainAppView.swift */ = {isa = PBXFileReference; lastKnownFileType = sourcecode.swift; path = MainAppView.swift; sourceTree = "<group>"; };
		E92A5A892A12B72700B0FFD1 /* Info.plist */ = {isa = PBXFileReference; lastKnownFileType = text.plist; path = Info.plist; sourceTree = "<group>"; };
		E92A5A8F2A12BB7500B0FFD1 /* MarkaziText-VariableFont_wght.ttf */ = {isa = PBXFileReference; lastKnownFileType = file; path = "MarkaziText-VariableFont_wght.ttf"; sourceTree = "<group>"; };
		E92A5A912A12BB8800B0FFD1 /* Karla-VariableFont_wght.ttf */ = {isa = PBXFileReference; lastKnownFileType = file; path = "Karla-VariableFont_wght.ttf"; sourceTree = "<group>"; };
		E92A5A932A12BF6F00B0FFD1 /* LittleLemonTextStyles.swift */ = {isa = PBXFileReference; lastKnownFileType = sourcecode.swift; path = LittleLemonTextStyles.swift; sourceTree = "<group>"; };
		E92A5A952A12DECC00B0FFD1 /* PrivacyPolicyView.swift */ = {isa = PBXFileReference; lastKnownFileType = sourcecode.swift; path = PrivacyPolicyView.swift; sourceTree = "<group>"; };
		E92A5A972A12E0CC00B0FFD1 /* EmailView.swift */ = {isa = PBXFileReference; lastKnownFileType = sourcecode.swift; path = EmailView.swift; sourceTree = "<group>"; };
		E92A5A992A12E23400B0FFD1 /* PasswordView.swift */ = {isa = PBXFileReference; lastKnownFileType = sourcecode.swift; path = PasswordView.swift; sourceTree = "<group>"; };
		E92A5A9B2A12ECDB00B0FFD1 /* SignUpView.swift */ = {isa = PBXFileReference; lastKnownFileType = sourcecode.swift; path = SignUpView.swift; sourceTree = "<group>"; };
		E92A5A9D2A12EE9D00B0FFD1 /* RegistrationManager.swift */ = {isa = PBXFileReference; lastKnownFileType = sourcecode.swift; path = RegistrationManager.swift; sourceTree = "<group>"; };
		E92A5A9F2A155D5300B0FFD1 /* MenuView.swift */ = {isa = PBXFileReference; lastKnownFileType = sourcecode.swift; path = MenuView.swift; sourceTree = "<group>"; };
		E92A5AA32A15784600B0FFD1 /* UserProfileView.swift */ = {isa = PBXFileReference; lastKnownFileType = sourcecode.swift; path = UserProfileView.swift; sourceTree = "<group>"; };
		E92A5AA52A17E06300B0FFD1 /* FetchedObjects.swift */ = {isa = PBXFileReference; fileEncoding = 4; lastKnownFileType = sourcecode.swift; path = FetchedObjects.swift; sourceTree = "<group>"; };
		E92A5AA72A17E07200B0FFD1 /* Persistence.swift */ = {isa = PBXFileReference; fileEncoding = 4; lastKnownFileType = sourcecode.swift; path = Persistence.swift; sourceTree = "<group>"; };
		E92A5AAB2A17E1C800B0FFD1 /* MenuList.swift */ = {isa = PBXFileReference; lastKnownFileType = sourcecode.swift; path = MenuList.swift; sourceTree = "<group>"; };
		E92A5AAD2A17E1D400B0FFD1 /* MenuItem.swift */ = {isa = PBXFileReference; lastKnownFileType = sourcecode.swift; path = MenuItem.swift; sourceTree = "<group>"; };
		E92A5AB02A17F1B700B0FFD1 /* ExampleDatabase.xcdatamodel */ = {isa = PBXFileReference; lastKnownFileType = wrapper.xcdatamodel; path = ExampleDatabase.xcdatamodel; sourceTree = "<group>"; };
		E92A5AB22A19382F00B0FFD1 /* DishDetailView.swift */ = {isa = PBXFileReference; lastKnownFileType = sourcecode.swift; path = DishDetailView.swift; sourceTree = "<group>"; };
		E980FCDA2A003AA900D8840B /* littlelemon.app */ = {isa = PBXFileReference; explicitFileType = wrapper.application; includeInIndex = 0; path = littlelemon.app; sourceTree = BUILT_PRODUCTS_DIR; };
		E980FCDD2A003AA900D8840B /* RestaurantApp.swift */ = {isa = PBXFileReference; lastKnownFileType = sourcecode.swift; path = RestaurantApp.swift; sourceTree = "<group>"; };
		E980FCE12A003AAB00D8840B /* Assets.xcassets */ = {isa = PBXFileReference; lastKnownFileType = folder.assetcatalog; path = Assets.xcassets; sourceTree = "<group>"; };
		E980FCE42A003AAB00D8840B /* Preview Assets.xcassets */ = {isa = PBXFileReference; lastKnownFileType = folder.assetcatalog; path = "Preview Assets.xcassets"; sourceTree = "<group>"; };
		E980FCEB2A02898000D8840B /* OnboardingView.swift */ = {isa = PBXFileReference; lastKnownFileType = sourcecode.swift; path = OnboardingView.swift; sourceTree = "<group>"; };
		E9CB78712A34834A00CBE7FE /* GameView.swift */ = {isa = PBXFileReference; lastKnownFileType = sourcecode.swift; path = GameView.swift; sourceTree = "<group>"; };
		E9DB9D6F2A2FCDCC00FD8A2D /* SplitBillView.swift */ = {isa = PBXFileReference; lastKnownFileType = sourcecode.swift; path = SplitBillView.swift; sourceTree = "<group>"; };
		E9E36BEC2A0FC4920045ECC9 /* TermsAndConditionsView.swift */ = {isa = PBXFileReference; lastKnownFileType = sourcecode.swift; path = TermsAndConditionsView.swift; sourceTree = "<group>"; };
		E9E36BEE2A0FED4A0045ECC9 /* NameView.swift */ = {isa = PBXFileReference; lastKnownFileType = sourcecode.swift; path = NameView.swift; sourceTree = "<group>"; };
		E9E36BF22A1156CB0045ECC9 /* HomeView.swift */ = {isa = PBXFileReference; lastKnownFileType = sourcecode.swift; path = HomeView.swift; sourceTree = "<group>"; };
		E9E36BF42A1158B50045ECC9 /* LoginView.swift */ = {isa = PBXFileReference; lastKnownFileType = sourcecode.swift; path = LoginView.swift; sourceTree = "<group>"; };
		E9E36BF72A117A7C0045ECC9 /* LittleLemonButtonStyle.swift */ = {isa = PBXFileReference; lastKnownFileType = sourcecode.swift; path = LittleLemonButtonStyle.swift; sourceTree = "<group>"; };
		E9E36BF92A117A9E0045ECC9 /* LittleLemonTextFieldStyle.swift */ = {isa = PBXFileReference; lastKnownFileType = sourcecode.swift; path = LittleLemonTextFieldStyle.swift; sourceTree = "<group>"; };
/* End PBXFileReference section */

/* Begin PBXFrameworksBuildPhase section */
		E980FCD72A003AA900D8840B /* Frameworks */ = {
			isa = PBXFrameworksBuildPhase;
			buildActionMask = 2147483647;
			files = (
			);
			runOnlyForDeploymentPostprocessing = 0;
		};
/* End PBXFrameworksBuildPhase section */

/* Begin PBXGroup section */
		E90C929A2A2F94C700908B4A /* SignUp */ = {
			isa = PBXGroup;
			children = (
				E92A5A9B2A12ECDB00B0FFD1 /* SignUpView.swift */,
				E9E36BEE2A0FED4A0045ECC9 /* NameView.swift */,
				E92A5A972A12E0CC00B0FFD1 /* EmailView.swift */,
				E92A5A992A12E23400B0FFD1 /* PasswordView.swift */,
			);
			path = SignUp;
			sourceTree = "<group>";
		};
		E90C929B2A2F950200908B4A /* Login */ = {
			isa = PBXGroup;
			children = (
				E9E36BF42A1158B50045ECC9 /* LoginView.swift */,
			);
			path = Login;
			sourceTree = "<group>";
		};
		E90C929C2A2F952400908B4A /* Onboarding */ = {
			isa = PBXGroup;
			children = (
				E980FCEB2A02898000D8840B /* OnboardingView.swift */,
				E90C929A2A2F94C700908B4A /* SignUp */,
				E90C929B2A2F950200908B4A /* Login */,
				E90C92A32A2FC67C00908B4A /* Terms and Policies */,
			);
			path = Onboarding;
			sourceTree = "<group>";
		};
		E90C929D2A2F95A100908B4A /* Home */ = {
			isa = PBXGroup;
			children = (
				E9E36BF22A1156CB0045ECC9 /* HomeView.swift */,
				E90C929E2A2F95AE00908B4A /* Menu */,
				E9CB78702A3482FC00CBE7FE /* Game */,
				E90C929F2A2F977200908B4A /* Profile */,
			);
			path = Home;
			sourceTree = "<group>";
		};
		E90C929E2A2F95AE00908B4A /* Menu */ = {
			isa = PBXGroup;
			children = (
				E92A5A9F2A155D5300B0FFD1 /* MenuView.swift */,
				E92A5AB22A19382F00B0FFD1 /* DishDetailView.swift */,
				E9DB9D6F2A2FCDCC00FD8A2D /* SplitBillView.swift */,
			);
			path = Menu;
			sourceTree = "<group>";
		};
		E90C929F2A2F977200908B4A /* Profile */ = {
			isa = PBXGroup;
			children = (
				E92A5AA32A15784600B0FFD1 /* UserProfileView.swift */,
			);
			path = Profile;
			sourceTree = "<group>";
		};
		E90C92A12A2FC63E00908B4A /* ViewModels */ = {
			isa = PBXGroup;
			children = (
				E92A5AA52A17E06300B0FFD1 /* FetchedObjects.swift */,
				E92A5AA72A17E07200B0FFD1 /* Persistence.swift */,
			);
			path = ViewModels;
			sourceTree = "<group>";
		};
		E90C92A22A2FC65F00908B4A /* Helpers */ = {
			isa = PBXGroup;
			children = (
				E92A5A802A1183E800B0FFD1 /* SessionManager.swift */,
				E92A5A9D2A12EE9D00B0FFD1 /* RegistrationManager.swift */,
			);
			path = Helpers;
			sourceTree = "<group>";
		};
		E90C92A32A2FC67C00908B4A /* Terms and Policies */ = {
			isa = PBXGroup;
			children = (
				E92A5A952A12DECC00B0FFD1 /* PrivacyPolicyView.swift */,
				E9E36BEC2A0FC4920045ECC9 /* TermsAndConditionsView.swift */,
			);
			path = "Terms and Policies";
			sourceTree = "<group>";
		};
		E92A5A842A12B41500B0FFD1 /* Fonts */ = {
			isa = PBXGroup;
			children = (
				E92A5A8F2A12BB7500B0FFD1 /* MarkaziText-VariableFont_wght.ttf */,
				E92A5A912A12BB8800B0FFD1 /* Karla-VariableFont_wght.ttf */,
			);
			path = Fonts;
			sourceTree = "<group>";
		};
		E92A5AA92A17E17000B0FFD1 /* Models */ = {
			isa = PBXGroup;
			children = (
				E92A5AAB2A17E1C800B0FFD1 /* MenuList.swift */,
				E92A5AAD2A17E1D400B0FFD1 /* MenuItem.swift */,
			);
			path = Models;
			sourceTree = "<group>";
		};
		E92A5AAA2A17E18000B0FFD1 /* Views */ = {
			isa = PBXGroup;
			children = (
				E92A5A822A11860800B0FFD1 /* MainAppView.swift */,
				E90C929C2A2F952400908B4A /* Onboarding */,
				E90C929D2A2F95A100908B4A /* Home */,
			);
			path = Views;
			sourceTree = "<group>";
		};
		E980FCD12A003AA900D8840B = {
			isa = PBXGroup;
			children = (
				E980FCDC2A003AA900D8840B /* littlelemon */,
				E980FCDB2A003AA900D8840B /* Products */,
			);
			sourceTree = "<group>";
		};
		E980FCDB2A003AA900D8840B /* Products */ = {
			isa = PBXGroup;
			children = (
				E980FCDA2A003AA900D8840B /* littlelemon.app */,
			);
			name = Products;
			sourceTree = "<group>";
		};
		E980FCDC2A003AA900D8840B /* littlelemon */ = {
			isa = PBXGroup;
			children = (
				E92A5A892A12B72700B0FFD1 /* Info.plist */,
				E980FCDD2A003AA900D8840B /* RestaurantApp.swift */,
				E92A5AAA2A17E18000B0FFD1 /* Views */,
				E90C92A12A2FC63E00908B4A /* ViewModels */,
				E92A5AA92A17E17000B0FFD1 /* Models */,
				E90C92A22A2FC65F00908B4A /* Helpers */,
				E9E36BF62A117A460045ECC9 /* Styles */,
				E92A5A842A12B41500B0FFD1 /* Fonts */,
				E92A5AAF2A17F1B700B0FFD1 /* MenuDatabase.xcdatamodeld */,
				E980FCE12A003AAB00D8840B /* Assets.xcassets */,
				E980FCE32A003AAB00D8840B /* Preview Content */,
			);
			path = littlelemon;
			sourceTree = "<group>";
		};
		E980FCE32A003AAB00D8840B /* Preview Content */ = {
			isa = PBXGroup;
			children = (
				E980FCE42A003AAB00D8840B /* Preview Assets.xcassets */,
			);
			path = "Preview Content";
			sourceTree = "<group>";
		};
		E9CB78702A3482FC00CBE7FE /* Game */ = {
			isa = PBXGroup;
			children = (
				E9CB78712A34834A00CBE7FE /* GameView.swift */,
			);
			path = Game;
			sourceTree = "<group>";
		};
		E9E36BF62A117A460045ECC9 /* Styles */ = {
			isa = PBXGroup;
			children = (
				E9E36BF72A117A7C0045ECC9 /* LittleLemonButtonStyle.swift */,
				E9E36BF92A117A9E0045ECC9 /* LittleLemonTextFieldStyle.swift */,
				E92A5A932A12BF6F00B0FFD1 /* LittleLemonTextStyles.swift */,
			);
			path = Styles;
			sourceTree = "<group>";
		};
/* End PBXGroup section */

/* Begin PBXNativeTarget section */
		E980FCD92A003AA900D8840B /* littlelemon */ = {
			isa = PBXNativeTarget;
			buildConfigurationList = E980FCE82A003AAB00D8840B /* Build configuration list for PBXNativeTarget "littlelemon" */;
			buildPhases = (
				E980FCD62A003AA900D8840B /* Sources */,
				E980FCD72A003AA900D8840B /* Frameworks */,
				E980FCD82A003AA900D8840B /* Resources */,
			);
			buildRules = (
			);
			dependencies = (
			);
			name = littlelemon;
			productName = littlelemon;
			productReference = E980FCDA2A003AA900D8840B /* littlelemon.app */;
			productType = "com.apple.product-type.application";
		};
/* End PBXNativeTarget section */

/* Begin PBXProject section */
		E980FCD22A003AA900D8840B /* Project object */ = {
			isa = PBXProject;
			attributes = {
				BuildIndependentTargetsInParallel = 1;
				LastSwiftUpdateCheck = 1420;
				LastUpgradeCheck = 1420;
				TargetAttributes = {
					E980FCD92A003AA900D8840B = {
						CreatedOnToolsVersion = 14.2;
					};
				};
			};
			buildConfigurationList = E980FCD52A003AA900D8840B /* Build configuration list for PBXProject "littlelemon" */;
			compatibilityVersion = "Xcode 14.0";
			developmentRegion = en;
			hasScannedForEncodings = 0;
			knownRegions = (
				en,
				Base,
			);
			mainGroup = E980FCD12A003AA900D8840B;
			productRefGroup = E980FCDB2A003AA900D8840B /* Products */;
			projectDirPath = "";
			projectRoot = "";
			targets = (
				E980FCD92A003AA900D8840B /* littlelemon */,
			);
		};
/* End PBXProject section */

/* Begin PBXResourcesBuildPhase section */
		E980FCD82A003AA900D8840B /* Resources */ = {
			isa = PBXResourcesBuildPhase;
			buildActionMask = 2147483647;
			files = (
				E980FCE52A003AAB00D8840B /* Preview Assets.xcassets in Resources */,
				E92A5A922A12BB8800B0FFD1 /* Karla-VariableFont_wght.ttf in Resources */,
				E92A5A902A12BB7500B0FFD1 /* MarkaziText-VariableFont_wght.ttf in Resources */,
				E980FCE22A003AAB00D8840B /* Assets.xcassets in Resources */,
			);
			runOnlyForDeploymentPostprocessing = 0;
		};
/* End PBXResourcesBuildPhase section */

/* Begin PBXSourcesBuildPhase section */
		E980FCD62A003AA900D8840B /* Sources */ = {
			isa = PBXSourcesBuildPhase;
			buildActionMask = 2147483647;
			files = (
				E92A5AAE2A17E1D400B0FFD1 /* MenuItem.swift in Sources */,
				E92A5A982A12E0CC00B0FFD1 /* EmailView.swift in Sources */,
				E92A5A9C2A12ECDB00B0FFD1 /* SignUpView.swift in Sources */,
				E92A5AA82A17E07200B0FFD1 /* Persistence.swift in Sources */,
				E92A5A9A2A12E23400B0FFD1 /* PasswordView.swift in Sources */,
				E9E36BFA2A117A9E0045ECC9 /* LittleLemonTextFieldStyle.swift in Sources */,
				E9E36BED2A0FC4920045ECC9 /* TermsAndConditionsView.swift in Sources */,
				E92A5AB32A19382F00B0FFD1 /* DishDetailView.swift in Sources */,
				E9E36BF52A1158B60045ECC9 /* LoginView.swift in Sources */,
				E92A5A962A12DECC00B0FFD1 /* PrivacyPolicyView.swift in Sources */,
				E92A5AA62A17E06300B0FFD1 /* FetchedObjects.swift in Sources */,
				E92A5AAC2A17E1C800B0FFD1 /* MenuList.swift in Sources */,
				E92A5AA02A155D5300B0FFD1 /* MenuView.swift in Sources */,
				E980FCDE2A003AA900D8840B /* RestaurantApp.swift in Sources */,
				E92A5A832A11860800B0FFD1 /* MainAppView.swift in Sources */,
				E9E36BF32A1156CB0045ECC9 /* HomeView.swift in Sources */,
				E92A5A9E2A12EE9D00B0FFD1 /* RegistrationManager.swift in Sources */,
				E9E36BF82A117A7C0045ECC9 /* LittleLemonButtonStyle.swift in Sources */,
				E92A5AA42A15784600B0FFD1 /* UserProfileView.swift in Sources */,
				E92A5A942A12BF6F00B0FFD1 /* LittleLemonTextStyles.swift in Sources */,
				E9E36BEF2A0FED4A0045ECC9 /* NameView.swift in Sources */,
				E92A5AB12A17F1B700B0FFD1 /* MenuDatabase.xcdatamodeld in Sources */,
				E92A5A812A1183E800B0FFD1 /* SessionManager.swift in Sources */,
				E9DB9D702A2FCDCC00FD8A2D /* SplitBillView.swift in Sources */,
				E9CB78722A34834A00CBE7FE /* GameView.swift in Sources */,
				E980FCEC2A02898000D8840B /* OnboardingView.swift in Sources */,
			);
			runOnlyForDeploymentPostprocessing = 0;
		};
/* End PBXSourcesBuildPhase section */

/* Begin XCBuildConfiguration section */
		E980FCE62A003AAB00D8840B /* Debug */ = {
			isa = XCBuildConfiguration;
			buildSettings = {
				ALWAYS_SEARCH_USER_PATHS = NO;
				CLANG_ANALYZER_NONNULL = YES;
				CLANG_ANALYZER_NUMBER_OBJECT_CONVERSION = YES_AGGRESSIVE;
				CLANG_CXX_LANGUAGE_STANDARD = "gnu++20";
				CLANG_ENABLE_MODULES = YES;
				CLANG_ENABLE_OBJC_ARC = YES;
				CLANG_ENABLE_OBJC_WEAK = YES;
				CLANG_WARN_BLOCK_CAPTURE_AUTORELEASING = YES;
				CLANG_WARN_BOOL_CONVERSION = YES;
				CLANG_WARN_COMMA = YES;
				CLANG_WARN_CONSTANT_CONVERSION = YES;
				CLANG_WARN_DEPRECATED_OBJC_IMPLEMENTATIONS = YES;
				CLANG_WARN_DIRECT_OBJC_ISA_USAGE = YES_ERROR;
				CLANG_WARN_DOCUMENTATION_COMMENTS = YES;
				CLANG_WARN_EMPTY_BODY = YES;
				CLANG_WARN_ENUM_CONVERSION = YES;
				CLANG_WARN_INFINITE_RECURSION = YES;
				CLANG_WARN_INT_CONVERSION = YES;
				CLANG_WARN_NON_LITERAL_NULL_CONVERSION = YES;
				CLANG_WARN_OBJC_IMPLICIT_RETAIN_SELF = YES;
				CLANG_WARN_OBJC_LITERAL_CONVERSION = YES;
				CLANG_WARN_OBJC_ROOT_CLASS = YES_ERROR;
				CLANG_WARN_QUOTED_INCLUDE_IN_FRAMEWORK_HEADER = YES;
				CLANG_WARN_RANGE_LOOP_ANALYSIS = YES;
				CLANG_WARN_STRICT_PROTOTYPES = YES;
				CLANG_WARN_SUSPICIOUS_MOVE = YES;
				CLANG_WARN_UNGUARDED_AVAILABILITY = YES_AGGRESSIVE;
				CLANG_WARN_UNREACHABLE_CODE = YES;
				CLANG_WARN__DUPLICATE_METHOD_MATCH = YES;
				COPY_PHASE_STRIP = NO;
				DEBUG_INFORMATION_FORMAT = dwarf;
				ENABLE_STRICT_OBJC_MSGSEND = YES;
				ENABLE_TESTABILITY = YES;
				GCC_C_LANGUAGE_STANDARD = gnu11;
				GCC_DYNAMIC_NO_PIC = NO;
				GCC_NO_COMMON_BLOCKS = YES;
				GCC_OPTIMIZATION_LEVEL = 0;
				GCC_PREPROCESSOR_DEFINITIONS = (
					"DEBUG=1",
					"$(inherited)",
				);
				GCC_WARN_64_TO_32_BIT_CONVERSION = YES;
				GCC_WARN_ABOUT_RETURN_TYPE = YES_ERROR;
				GCC_WARN_UNDECLARED_SELECTOR = YES;
				GCC_WARN_UNINITIALIZED_AUTOS = YES_AGGRESSIVE;
				GCC_WARN_UNUSED_FUNCTION = YES;
				GCC_WARN_UNUSED_VARIABLE = YES;
				IPHONEOS_DEPLOYMENT_TARGET = 16.2;
				MTL_ENABLE_DEBUG_INFO = INCLUDE_SOURCE;
				MTL_FAST_MATH = YES;
				ONLY_ACTIVE_ARCH = YES;
				SDKROOT = iphoneos;
				SWIFT_ACTIVE_COMPILATION_CONDITIONS = DEBUG;
				SWIFT_OPTIMIZATION_LEVEL = "-Onone";
			};
			name = Debug;
		};
		E980FCE72A003AAB00D8840B /* Release */ = {
			isa = XCBuildConfiguration;
			buildSettings = {
				ALWAYS_SEARCH_USER_PATHS = NO;
				CLANG_ANALYZER_NONNULL = YES;
				CLANG_ANALYZER_NUMBER_OBJECT_CONVERSION = YES_AGGRESSIVE;
				CLANG_CXX_LANGUAGE_STANDARD = "gnu++20";
				CLANG_ENABLE_MODULES = YES;
				CLANG_ENABLE_OBJC_ARC = YES;
				CLANG_ENABLE_OBJC_WEAK = YES;
				CLANG_WARN_BLOCK_CAPTURE_AUTORELEASING = YES;
				CLANG_WARN_BOOL_CONVERSION = YES;
				CLANG_WARN_COMMA = YES;
				CLANG_WARN_CONSTANT_CONVERSION = YES;
				CLANG_WARN_DEPRECATED_OBJC_IMPLEMENTATIONS = YES;
				CLANG_WARN_DIRECT_OBJC_ISA_USAGE = YES_ERROR;
				CLANG_WARN_DOCUMENTATION_COMMENTS = YES;
				CLANG_WARN_EMPTY_BODY = YES;
				CLANG_WARN_ENUM_CONVERSION = YES;
				CLANG_WARN_INFINITE_RECURSION = YES;
				CLANG_WARN_INT_CONVERSION = YES;
				CLANG_WARN_NON_LITERAL_NULL_CONVERSION = YES;
				CLANG_WARN_OBJC_IMPLICIT_RETAIN_SELF = YES;
				CLANG_WARN_OBJC_LITERAL_CONVERSION = YES;
				CLANG_WARN_OBJC_ROOT_CLASS = YES_ERROR;
				CLANG_WARN_QUOTED_INCLUDE_IN_FRAMEWORK_HEADER = YES;
				CLANG_WARN_RANGE_LOOP_ANALYSIS = YES;
				CLANG_WARN_STRICT_PROTOTYPES = YES;
				CLANG_WARN_SUSPICIOUS_MOVE = YES;
				CLANG_WARN_UNGUARDED_AVAILABILITY = YES_AGGRESSIVE;
				CLANG_WARN_UNREACHABLE_CODE = YES;
				CLANG_WARN__DUPLICATE_METHOD_MATCH = YES;
				COPY_PHASE_STRIP = NO;
				DEBUG_INFORMATION_FORMAT = "dwarf-with-dsym";
				ENABLE_NS_ASSERTIONS = NO;
				ENABLE_STRICT_OBJC_MSGSEND = YES;
				GCC_C_LANGUAGE_STANDARD = gnu11;
				GCC_NO_COMMON_BLOCKS = YES;
				GCC_WARN_64_TO_32_BIT_CONVERSION = YES;
				GCC_WARN_ABOUT_RETURN_TYPE = YES_ERROR;
				GCC_WARN_UNDECLARED_SELECTOR = YES;
				GCC_WARN_UNINITIALIZED_AUTOS = YES_AGGRESSIVE;
				GCC_WARN_UNUSED_FUNCTION = YES;
				GCC_WARN_UNUSED_VARIABLE = YES;
				IPHONEOS_DEPLOYMENT_TARGET = 16.2;
				MTL_ENABLE_DEBUG_INFO = NO;
				MTL_FAST_MATH = YES;
				SDKROOT = iphoneos;
				SWIFT_COMPILATION_MODE = wholemodule;
				SWIFT_OPTIMIZATION_LEVEL = "-O";
				VALIDATE_PRODUCT = YES;
			};
			name = Release;
		};
		E980FCE92A003AAB00D8840B /* Debug */ = {
			isa = XCBuildConfiguration;
			buildSettings = {
				ASSETCATALOG_COMPILER_APPICON_NAME = AppIcon;
				ASSETCATALOG_COMPILER_GLOBAL_ACCENT_COLOR_NAME = AccentColor;
				CODE_SIGN_STYLE = Automatic;
				CURRENT_PROJECT_VERSION = 1;
				DEVELOPMENT_ASSET_PATHS = "\"littlelemon/Preview Content\"";
				ENABLE_PREVIEWS = YES;
				GENERATE_INFOPLIST_FILE = YES;
				INFOPLIST_FILE = littlelemon/Info.plist;
				INFOPLIST_KEY_UIApplicationSceneManifest_Generation = YES;
				INFOPLIST_KEY_UIApplicationSupportsIndirectInputEvents = YES;
				INFOPLIST_KEY_UILaunchScreen_Generation = YES;
				INFOPLIST_KEY_UISupportedInterfaceOrientations_iPad = "UIInterfaceOrientationPortrait UIInterfaceOrientationPortraitUpsideDown UIInterfaceOrientationLandscapeLeft UIInterfaceOrientationLandscapeRight";
				INFOPLIST_KEY_UISupportedInterfaceOrientations_iPhone = "UIInterfaceOrientationPortrait UIInterfaceOrientationLandscapeLeft UIInterfaceOrientationLandscapeRight";
				IPHONEOS_DEPLOYMENT_TARGET = 16.0;
				LD_RUNPATH_SEARCH_PATHS = (
					"$(inherited)",
					"@executable_path/Frameworks",
				);
				MARKETING_VERSION = 1.0;
				PRODUCT_BUNDLE_IDENTIFIER = khalidkamil.littlelemon;
				PRODUCT_NAME = "$(TARGET_NAME)";
				SWIFT_EMIT_LOC_STRINGS = YES;
				SWIFT_VERSION = 5.0;
				TARGETED_DEVICE_FAMILY = "1,2";
			};
			name = Debug;
		};
		E980FCEA2A003AAB00D8840B /* Release */ = {
			isa = XCBuildConfiguration;
			buildSettings = {
				ASSETCATALOG_COMPILER_APPICON_NAME = AppIcon;
				ASSETCATALOG_COMPILER_GLOBAL_ACCENT_COLOR_NAME = AccentColor;
				CODE_SIGN_STYLE = Automatic;
				CURRENT_PROJECT_VERSION = 1;
				DEVELOPMENT_ASSET_PATHS = "\"littlelemon/Preview Content\"";
				ENABLE_PREVIEWS = YES;
				GENERATE_INFOPLIST_FILE = YES;
				INFOPLIST_FILE = littlelemon/Info.plist;
				INFOPLIST_KEY_UIApplicationSceneManifest_Generation = YES;
				INFOPLIST_KEY_UIApplicationSupportsIndirectInputEvents = YES;
				INFOPLIST_KEY_UILaunchScreen_Generation = YES;
				INFOPLIST_KEY_UISupportedInterfaceOrientations_iPad = "UIInterfaceOrientationPortrait UIInterfaceOrientationPortraitUpsideDown UIInterfaceOrientationLandscapeLeft UIInterfaceOrientationLandscapeRight";
				INFOPLIST_KEY_UISupportedInterfaceOrientations_iPhone = "UIInterfaceOrientationPortrait UIInterfaceOrientationLandscapeLeft UIInterfaceOrientationLandscapeRight";
				IPHONEOS_DEPLOYMENT_TARGET = 16.0;
				LD_RUNPATH_SEARCH_PATHS = (
					"$(inherited)",
					"@executable_path/Frameworks",
				);
				MARKETING_VERSION = 1.0;
				PRODUCT_BUNDLE_IDENTIFIER = khalidkamil.littlelemon;
				PRODUCT_NAME = "$(TARGET_NAME)";
				SWIFT_EMIT_LOC_STRINGS = YES;
				SWIFT_VERSION = 5.0;
				TARGETED_DEVICE_FAMILY = "1,2";
			};
			name = Release;
		};
/* End XCBuildConfiguration section */

/* Begin XCConfigurationList section */
		E980FCD52A003AA900D8840B /* Build configuration list for PBXProject "littlelemon" */ = {
			isa = XCConfigurationList;
			buildConfigurations = (
				E980FCE62A003AAB00D8840B /* Debug */,
				E980FCE72A003AAB00D8840B /* Release */,
			);
			defaultConfigurationIsVisible = 0;
			defaultConfigurationName = Release;
		};
		E980FCE82A003AAB00D8840B /* Build configuration list for PBXNativeTarget "littlelemon" */ = {
			isa = XCConfigurationList;
			buildConfigurations = (
				E980FCE92A003AAB00D8840B /* Debug */,
				E980FCEA2A003AAB00D8840B /* Release */,
			);
			defaultConfigurationIsVisible = 0;
			defaultConfigurationName = Release;
		};
/* End XCConfigurationList section */

/* Begin XCVersionGroup section */
		E92A5AAF2A17F1B700B0FFD1 /* MenuDatabase.xcdatamodeld */ = {
			isa = XCVersionGroup;
			children = (
				E92A5AB02A17F1B700B0FFD1 /* ExampleDatabase.xcdatamodel */,
			);
			currentVersion = E92A5AB02A17F1B700B0FFD1 /* ExampleDatabase.xcdatamodel */;
			path = MenuDatabase.xcdatamodeld;
			sourceTree = "<group>";
			versionGroupType = wrapper.xcdatamodel;
		};
/* End XCVersionGroup section */
	};
	rootObject = E980FCD22A003AA900D8840B /* Project object */;
}
